
Microsoft Visual Studio Solution File, Format Version 12.00
# Visual Studio Version 17
VisualStudioVersion = 17.1.32210.238
MinimumVisualStudioVersion = 10.0.40219.1
Project("{9A19103F-16F7-4668-BE54-9A1E7A4F7556}") = "Seventh_api", "Seventh_api\Seventh_api.csproj", "{BF02DD84-C45C-43EE-B56C-55C17CF7A3D4}"
EndProject
Global
	GlobalSection(SolutionConfigurationPlatforms) = preSolution
		Debug|Any CPU = Debug|Any CPU
		Release|Any CPU = Release|Any CPU
	EndGlobalSection
	GlobalSection(ProjectConfigurationPlatforms) = postSolution
		{BF02DD84-C45C-43EE-B56C-55C17CF7A3D4}.Debug|Any CPU.ActiveCfg = Debug|Any CPU
		{BF02DD84-C45C-43EE-B56C-55C17CF7A3D4}.Debug|Any CPU.Build.0 = Debug|Any CPU
		{BF02DD84-C45C-43EE-B56C-55C17CF7A3D4}.Release|Any CPU.ActiveCfg = Release|Any CPU
		{BF02DD84-C45C-43EE-B56C-55C17CF7A3D4}.Release|Any CPU.Build.0 = Release|Any CPU
	EndGlobalSection
	GlobalSection(SolutionProperties) = preSolution
		HideSolutionNode = FALSE
	EndGlobalSection
	GlobalSection(ExtensibilityGlobals) = postSolution
		SolutionGuid = {BA8A9B0F-AD70-4332-99D3-C23092519420}
	EndGlobalSection
EndGlobal
